
Microsoft Visual Studio Solution File, Format Version 12.00
# Visual Studio Version 17
VisualStudioVersion = 17.4.33110.190
MinimumVisualStudioVersion = 10.0.40219.1
Project("{FAE04EC0-301F-11D3-BF4B-00C04F79EFBC}") = "Opts", "Opts\Opts.csproj", "{27228C4B-5041-4AD0-9250-E876B6F430EE}"
EndProject
Global
	GlobalSection(SolutionConfigurationPlatforms) = preSolution
		Debug|Any CPU = Debug|Any CPU
		Release|Any CPU = Release|Any CPU
	EndGlobalSection
	GlobalSection(ProjectConfigurationPlatforms) = postSolution
		{27228C4B-5041-4AD0-9250-E876B6F430EE}.Debug|Any CPU.ActiveCfg = Debug|Any CPU
		{27228C4B-5041-4AD0-9250-E876B6F430EE}.Debug|Any CPU.Build.0 = Debug|Any CPU
		{27228C4B-5041-4AD0-9250-E876B6F430EE}.Release|Any CPU.ActiveCfg = Release|Any CPU
		{27228C4B-5041-4AD0-9250-E876B6F430EE}.Release|Any CPU.Build.0 = Release|Any CPU
	EndGlobalSection
	GlobalSection(SolutionProperties) = preSolution
		HideSolutionNode = FALSE
	EndGlobalSection
	GlobalSection(ExtensibilityGlobals) = postSolution
		SolutionGuid = {FF21DC87-A66B-44CC-9FA3-326A0AA6EE64}
	EndGlobalSection
EndGlobal
